
Microsoft Visual Studio Solution File, Format Version 12.00
# Visual Studio 15
VisualStudioVersion = 15.0.28306.52
MinimumVisualStudioVersion = 10.0.40219.1
Project("{FAE04EC0-301F-11D3-BF4B-00C04F79EFBC}") = "Randomize", "Randomize\Randomize.csproj", "{90ECBA4C-52EF-47CE-A49D-594EE264E8F3}"
EndProject
Project("{FAE04EC0-301F-11D3-BF4B-00C04F79EFBC}") = "Randomize.Tests", "Randomize.Tests\Randomize.Tests.csproj", "{A040C152-0D3E-47F9-A845-97BF1FE63C46}"
EndProject
Global
	GlobalSection(SolutionConfigurationPlatforms) = preSolution
		Debug|Any CPU = Debug|Any CPU
		Release|Any CPU = Release|Any CPU
	EndGlobalSection
	GlobalSection(ProjectConfigurationPlatforms) = postSolution
		{90ECBA4C-52EF-47CE-A49D-594EE264E8F3}.Debug|Any CPU.ActiveCfg = Debug|Any CPU
		{90ECBA4C-52EF-47CE-A49D-594EE264E8F3}.Debug|Any CPU.Build.0 = Debug|Any CPU
		{90ECBA4C-52EF-47CE-A49D-594EE264E8F3}.Release|Any CPU.ActiveCfg = Release|Any CPU
		{90ECBA4C-52EF-47CE-A49D-594EE264E8F3}.Release|Any CPU.Build.0 = Release|Any CPU
		{A040C152-0D3E-47F9-A845-97BF1FE63C46}.Debug|Any CPU.ActiveCfg = Debug|Any CPU
		{A040C152-0D3E-47F9-A845-97BF1FE63C46}.Debug|Any CPU.Build.0 = Debug|Any CPU
		{A040C152-0D3E-47F9-A845-97BF1FE63C46}.Release|Any CPU.ActiveCfg = Release|Any CPU
		{A040C152-0D3E-47F9-A845-97BF1FE63C46}.Release|Any CPU.Build.0 = Release|Any CPU
	EndGlobalSection
	GlobalSection(SolutionProperties) = preSolution
		HideSolutionNode = FALSE
	EndGlobalSection
	GlobalSection(ExtensibilityGlobals) = postSolution
		SolutionGuid = {4F1D37D8-9F3E-4CB6-BCB9-FE9B94DDA3FD}
	EndGlobalSection
EndGlobal
